// !$*UTF8*$!
{
	archiveVersion = 1;
	classes = {
	};
	objectVersion = 46;
	objects = {

/* Begin PBXBuildFile section */
		056C9AFF197655CD0047F3E5 /* AppDelegate.swift in Sources */ = {isa = PBXBuildFile; fileRef = 056C9AFE197655CD0047F3E5 /* AppDelegate.swift */; };
		056C9B01197655CD0047F3E5 /* ViewController.swift in Sources */ = {isa = PBXBuildFile; fileRef = 056C9B00197655CD0047F3E5 /* ViewController.swift */; };
		056C9B04197655CD0047F3E5 /* Main.storyboard in Resources */ = {isa = PBXBuildFile; fileRef = 056C9B02197655CD0047F3E5 /* Main.storyboard */; };
		056C9B06197655CD0047F3E5 /* Images.xcassets in Resources */ = {isa = PBXBuildFile; fileRef = 056C9B05197655CD0047F3E5 /* Images.xcassets */; };
		056C9B12197655CD0047F3E5 /* Jad_s_CVTests.swift in Sources */ = {isa = PBXBuildFile; fileRef = 056C9B11197655CD0047F3E5 /* Jad_s_CVTests.swift */; };
/* End PBXBuildFile section */

/* Begin PBXContainerItemProxy section */
		056C9B0C197655CD0047F3E5 /* PBXContainerItemProxy */ = {
			isa = PBXContainerItemProxy;
			containerPortal = 056C9AF1197655CD0047F3E5 /* Project object */;
			proxyType = 1;
			remoteGlobalIDString = 056C9AF8197655CD0047F3E5;
			remoteInfo = "Jad's CV";
		};
/* End PBXContainerItemProxy section */

/* Begin PBXFileReference section */
		056C9AF9197655CD0047F3E5 /* Jad's CV.app */ = {isa = PBXFileReference; explicitFileType = wrapper.application; includeInIndex = 0; path = "Jad's CV.app"; sourceTree = BUILT_PRODUCTS_DIR; };
		056C9AFD197655CD0047F3E5 /* Info.plist */ = {isa = PBXFileReference; lastKnownFileType = text.plist.xml; path = Info.plist; sourceTree = "<group>"; };
		056C9AFE197655CD0047F3E5 /* AppDelegate.swift */ = {isa = PBXFileReference; lastKnownFileType = sourcecode.swift; path = AppDelegate.swift; sourceTree = "<group>"; };
		056C9B00197655CD0047F3E5 /* ViewController.swift */ = {isa = PBXFileReference; lastKnownFileType = sourcecode.swift; path = ViewController.swift; sourceTree = "<group>"; };
		056C9B03197655CD0047F3E5 /* Base */ = {isa = PBXFileReference; lastKnownFileType = file.storyboard; name = Base; path = Base.lproj/Main.storyboard; sourceTree = "<group>"; };
		056C9B05197655CD0047F3E5 /* Images.xcassets */ = {isa = PBXFileReference; lastKnownFileType = folder.assetcatalog; path = Images.xcassets; sourceTree = "<group>"; };
		056C9B0B197655CD0047F3E5 /* Jad's CVTests.xctest */ = {isa = PBXFileReference; explicitFileType = wrapper.cfbundle; includeInIndex = 0; path = "Jad's CVTests.xctest"; sourceTree = BUILT_PRODUCTS_DIR; };
		056C9B10197655CD0047F3E5 /* Info.plist */ = {isa = PBXFileReference; lastKnownFileType = text.plist.xml; path = Info.plist; sourceTree = "<group>"; };
		056C9B11197655CD0047F3E5 /* Jad_s_CVTests.swift */ = {isa = PBXFileReference; lastKnownFileType = sourcecode.swift; path = Jad_s_CVTests.swift; sourceTree = "<group>"; };
/* End PBXFileReference section */

/* Begin PBXFrameworksBuildPhase section */
		056C9AF6197655CD0047F3E5 /* Frameworks */ = {
			isa = PBXFrameworksBuildPhase;
			buildActionMask = 2147483647;
			files = (
			);
			runOnlyForDeploymentPostprocessing = 0;
		};
		056C9B08197655CD0047F3E5 /* Frameworks */ = {
			isa = PBXFrameworksBuildPhase;
			buildActionMask = 2147483647;
			files = (
			);
			runOnlyForDeploymentPostprocessing = 0;
		};
/* End PBXFrameworksBuildPhase section */

/* Begin PBXGroup section */
		056C9AF0197655CD0047F3E5 = {
			isa = PBXGroup;
			children = (
				056C9AFB197655CD0047F3E5 /* Jad's CV */,
				056C9B0E197655CD0047F3E5 /* Jad's CVTests */,
				056C9AFA197655CD0047F3E5 /* Products */,
			);
			sourceTree = "<group>";
		};
		056C9AFA197655CD0047F3E5 /* Products */ = {
			isa = PBXGroup;
			children = (
				056C9AF9197655CD0047F3E5 /* Jad's CV.app */,
				056C9B0B197655CD0047F3E5 /* Jad's CVTests.xctest */,
			);
			name = Products;
			sourceTree = "<group>";
		};
		056C9AFB197655CD0047F3E5 /* Jad's CV */ = {
			isa = PBXGroup;
			children = (
				056C9AFE197655CD0047F3E5 /* AppDelegate.swift */,
				056C9B00197655CD0047F3E5 /* ViewController.swift */,
				056C9B02197655CD0047F3E5 /* Main.storyboard */,
				056C9B05197655CD0047F3E5 /* Images.xcassets */,
				056C9AFC197655CD0047F3E5 /* Supporting Files */,
			);
			path = "Jad's CV";
			sourceTree = "<group>";
		};
		056C9AFC197655CD0047F3E5 /* Supporting Files */ = {
			isa = PBXGroup;
			children = (
				056C9AFD197655CD0047F3E5 /* Info.plist */,
			);
			name = "Supporting Files";
			sourceTree = "<group>";
		};
		056C9B0E197655CD0047F3E5 /* Jad's CVTests */ = {
			isa = PBXGroup;
			children = (
				056C9B11197655CD0047F3E5 /* Jad_s_CVTests.swift */,
				056C9B0F197655CD0047F3E5 /* Supporting Files */,
			);
			path = "Jad's CVTests";
			sourceTree = "<group>";
		};
		056C9B0F197655CD0047F3E5 /* Supporting Files */ = {
			isa = PBXGroup;
			children = (
				056C9B10197655CD0047F3E5 /* Info.plist */,
			);
			name = "Supporting Files";
			sourceTree = "<group>";
		};
/* End PBXGroup section */

/* Begin PBXNativeTarget section */
		056C9AF8197655CD0047F3E5 /* Jad's CV */ = {
			isa = PBXNativeTarget;
			buildConfigurationList = 056C9B15197655CD0047F3E5 /* Build configuration list for PBXNativeTarget "Jad's CV" */;
			buildPhases = (
				056C9AF5197655CD0047F3E5 /* Sources */,
				056C9AF6197655CD0047F3E5 /* Frameworks */,
				056C9AF7197655CD0047F3E5 /* Resources */,
			);
			buildRules = (
			);
			dependencies = (
			);
			name = "Jad's CV";
			productName = "Jad's CV";
			productReference = 056C9AF9197655CD0047F3E5 /* Jad's CV.app */;
			productType = "com.apple.product-type.application";
		};
		056C9B0A197655CD0047F3E5 /* Jad's CVTests */ = {
			isa = PBXNativeTarget;
			buildConfigurationList = 056C9B18197655CD0047F3E5 /* Build configuration list for PBXNativeTarget "Jad's CVTests" */;
			buildPhases = (
				056C9B07197655CD0047F3E5 /* Sources */,
				056C9B08197655CD0047F3E5 /* Frameworks */,
				056C9B09197655CD0047F3E5 /* Resources */,
			);
			buildRules = (
			);
			dependencies = (
				056C9B0D197655CD0047F3E5 /* PBXTargetDependency */,
			);
			name = "Jad's CVTests";
			productName = "Jad's CVTests";
			productReference = 056C9B0B197655CD0047F3E5 /* Jad's CVTests.xctest */;
			productType = "com.apple.product-type.bundle.unit-test";
		};
/* End PBXNativeTarget section */

/* Begin PBXProject section */
		056C9AF1197655CD0047F3E5 /* Project object */ = {
			isa = PBXProject;
			attributes = {
				LastUpgradeCheck = 0600;
				ORGANIZATIONNAME = Jad;
				TargetAttributes = {
					056C9AF8197655CD0047F3E5 = {
						CreatedOnToolsVersion = 6.0;
					};
					056C9B0A197655CD0047F3E5 = {
						CreatedOnToolsVersion = 6.0;
						TestTargetID = 056C9AF8197655CD0047F3E5;
					};
				};
			};
			buildConfigurationList = 056C9AF4197655CD0047F3E5 /* Build configuration list for PBXProject "Jad's CV" */;
			compatibilityVersion = "Xcode 3.2";
			developmentRegion = English;
			hasScannedForEncodings = 0;
			knownRegions = (
				en,
				Base,
			);
			mainGroup = 056C9AF0197655CD0047F3E5;
			productRefGroup = 056C9AFA197655CD0047F3E5 /* Products */;
			projectDirPath = "";
			projectRoot = "";
			targets = (
				056C9AF8197655CD0047F3E5 /* Jad's CV */,
				056C9B0A197655CD0047F3E5 /* Jad's CVTests */,
			);
		};
/* End PBXProject section */

/* Begin PBXResourcesBuildPhase section */
		056C9AF7197655CD0047F3E5 /* Resources */ = {
			isa = PBXResourcesBuildPhase;
			buildActionMask = 2147483647;
			files = (
				056C9B04197655CD0047F3E5 /* Main.storyboard in Resources */,
				056C9B06197655CD0047F3E5 /* Images.xcassets in Resources */,
			);
			runOnlyForDeploymentPostprocessing = 0;
		};
		056C9B09197655CD0047F3E5 /* Resources */ = {
			isa = PBXResourcesBuildPhase;
			buildActionMask = 2147483647;
			files = (
			);
			runOnlyForDeploymentPostprocessing = 0;
		};
/* End PBXResourcesBuildPhase section */

/* Begin PBXSourcesBuildPhase section */
		056C9AF5197655CD0047F3E5 /* Sources */ = {
			isa = PBXSourcesBuildPhase;
			buildActionMask = 2147483647;
			files = (
				056C9B01197655CD0047F3E5 /* ViewController.swift in Sources */,
				056C9AFF197655CD0047F3E5 /* AppDelegate.swift in Sources */,
			);
			runOnlyForDeploymentPostprocessing = 0;
		};
		056C9B07197655CD0047F3E5 /* Sources */ = {
			isa = PBXSourcesBuildPhase;
			buildActionMask = 2147483647;
			files = (
				056C9B12197655CD0047F3E5 /* Jad_s_CVTests.swift in Sources */,
			);
			runOnlyForDeploymentPostprocessing = 0;
		};
/* End PBXSourcesBuildPhase section */

/* Begin PBXTargetDependency section */
		056C9B0D197655CD0047F3E5 /* PBXTargetDependency */ = {
			isa = PBXTargetDependency;
			target = 056C9AF8197655CD0047F3E5 /* Jad's CV */;
			targetProxy = 056C9B0C197655CD0047F3E5 /* PBXContainerItemProxy */;
		};
/* End PBXTargetDependency section */

/* Begin PBXVariantGroup section */
		056C9B02197655CD0047F3E5 /* Main.storyboard */ = {
			isa = PBXVariantGroup;
			children = (
				056C9B03197655CD0047F3E5 /* Base */,
			);
			name = Main.storyboard;
			sourceTree = "<group>";
		};
/* End PBXVariantGroup section */

/* Begin XCBuildConfiguration section */
		056C9B13197655CD0047F3E5 /* Debug */ = {
			isa = XCBuildConfiguration;
			buildSettings = {
				ALWAYS_SEARCH_USER_PATHS = NO;
				CLANG_CXX_LANGUAGE_STANDARD = "gnu++0x";
				CLANG_CXX_LIBRARY = "libc++";
				CLANG_ENABLE_MODULES = YES;
				CLANG_ENABLE_OBJC_ARC = YES;
				CLANG_WARN_BOOL_CONVERSION = YES;
				CLANG_WARN_CONSTANT_CONVERSION = YES;
				CLANG_WARN_DIRECT_OBJC_ISA_USAGE = YES_ERROR;
				CLANG_WARN_EMPTY_BODY = YES;
				CLANG_WARN_ENUM_CONVERSION = YES;
				CLANG_WARN_INT_CONVERSION = YES;
				CLANG_WARN_OBJC_ROOT_CLASS = YES_ERROR;
				CLANG_WARN_UNREACHABLE_CODE = YES;
				CLANG_WARN__DUPLICATE_METHOD_MATCH = YES;
				"CODE_SIGN_IDENTITY[sdk=iphoneos*]" = "iPhone Developer";
				COPY_PHASE_STRIP = NO;
				ENABLE_STRICT_OBJC_MSGSEND = YES;
				GCC_C_LANGUAGE_STANDARD = gnu99;
				GCC_DYNAMIC_NO_PIC = NO;
				GCC_OPTIMIZATION_LEVEL = 0;
				GCC_PREPROCESSOR_DEFINITIONS = (
					"DEBUG=1",
					"$(inherited)",
				);
				GCC_SYMBOLS_PRIVATE_EXTERN = NO;
				GCC_WARN_64_TO_32_BIT_CONVERSION = YES;
				GCC_WARN_ABOUT_RETURN_TYPE = YES_ERROR;
				GCC_WARN_UNDECLARED_SELECTOR = YES;
				GCC_WARN_UNINITIALIZED_AUTOS = YES_AGGRESSIVE;
				GCC_WARN_UNUSED_FUNCTION = YES;
				GCC_WARN_UNUSED_VARIABLE = YES;
				IPHONEOS_DEPLOYMENT_TARGET = 8.0;
				MTL_ENABLE_DEBUG_INFO = YES;
				ONLY_ACTIVE_ARCH = YES;
				SDKROOT = iphoneos;
				SWIFT_OPTIMIZATION_LEVEL = "-Onone";
				TARGETED_DEVICE_FAMILY = "1,2";
			};
			name = Debug;
		};
		056C9B14197655CD0047F3E5 /* Release */ = {
			isa = XCBuildConfiguration;
			buildSettings = {
				ALWAYS_SEARCH_USER_PATHS = NO;
				CLANG_CXX_LANGUAGE_STANDARD = "gnu++0x";
				CLANG_CXX_LIBRARY = "libc++";
				CLANG_ENABLE_MODULES = YES;
				CLANG_ENABLE_OBJC_ARC = YES;
				CLANG_WARN_BOOL_CONVERSION = YES;
				CLANG_WARN_CONSTANT_CONVERSION = YES;
				CLANG_WARN_DIRECT_OBJC_ISA_USAGE = YES_ERROR;
				CLANG_WARN_EMPTY_BODY = YES;
				CLANG_WARN_ENUM_CONVERSION = YES;
				CLANG_WARN_INT_CONVERSION = YES;
				CLANG_WARN_OBJC_ROOT_CLASS = YES_ERROR;
				CLANG_WARN_UNREACHABLE_CODE = YES;
				CLANG_WARN__DUPLICATE_METHOD_MATCH = YES;
				"CODE_SIGN_IDENTITY[sdk=iphoneos*]" = "iPhone Developer";
				COPY_PHASE_STRIP = YES;
				ENABLE_NS_ASSERTIONS = NO;
				ENABLE_STRICT_OBJC_MSGSEND = YES;
				GCC_C_LANGUAGE_STANDARD = gnu99;
				GCC_WARN_64_TO_32_BIT_CONVERSION = YES;
				GCC_WARN_ABOUT_RETURN_TYPE = YES_ERROR;
				GCC_WARN_UNDECLARED_SELECTOR = YES;
				GCC_WARN_UNINITIALIZED_AUTOS = YES_AGGRESSIVE;
				GCC_WARN_UNUSED_FUNCTION = YES;
				GCC_WARN_UNUSED_VARIABLE = YES;
				IPHONEOS_DEPLOYMENT_TARGET = 8.0;
				MTL_ENABLE_DEBUG_INFO = NO;
				SDKROOT = iphoneos;
				TARGETED_DEVICE_FAMILY = "1,2";
				VALIDATE_PRODUCT = YES;
			};
			name = Release;
		};
		056C9B16197655CD0047F3E5 /* Debug */ = {
			isa = XCBuildConfiguration;
			buildSettings = {
				ASSETCATALOG_COMPILER_APPICON_NAME = AppIcon;
				ASSETCATALOG_COMPILER_LAUNCHIMAGE_NAME = LaunchImage;
				INFOPLIST_FILE = "Jad's CV/Info.plist";
				LD_RUNPATH_SEARCH_PATHS = "$(inherited) @executable_path/Frameworks";
				PRODUCT_NAME = "$(TARGET_NAME)";
			};
			name = Debug;
		};
		056C9B17197655CD0047F3E5 /* Release */ = {
			isa = XCBuildConfiguration;
			buildSettings = {
				ASSETCATALOG_COMPILER_APPICON_NAME = AppIcon;
				ASSETCATALOG_COMPILER_LAUNCHIMAGE_NAME = LaunchImage;
				INFOPLIST_FILE = "Jad's CV/Info.plist";
				LD_RUNPATH_SEARCH_PATHS = "$(inherited) @executable_path/Frameworks";
				PRODUCT_NAME = "$(TARGET_NAME)";
			};
			name = Release;
		};
		056C9B19197655CD0047F3E5 /* Debug */ = {
			isa = XCBuildConfiguration;
			buildSettings = {
				BUNDLE_LOADER = "$(BUILT_PRODUCTS_DIR)/Jad's CV.app/Jad's CV";
				FRAMEWORK_SEARCH_PATHS = (
					"$(SDKROOT)/Developer/Library/Frameworks",
					"$(inherited)",
				);
				GCC_PREPROCESSOR_DEFINITIONS = (
					"DEBUG=1",
					"$(inherited)",
				);
				INFOPLIST_FILE = "Jad's CVTests/Info.plist";
				LD_RUNPATH_SEARCH_PATHS = "$(inherited) @executable_path/Frameworks @loader_path/Frameworks";
				PRODUCT_NAME = "$(TARGET_NAME)";
				TEST_HOST = "$(BUNDLE_LOADER)";
			};
			name = Debug;
		};
		056C9B1A197655CD0047F3E5 /* Release */ = {
			isa = XCBuildConfiguration;
			buildSettings = {
				BUNDLE_LOADER = "$(BUILT_PRODUCTS_DIR)/Jad's CV.app/Jad's CV";
				FRAMEWORK_SEARCH_PATHS = (
					"$(SDKROOT)/Developer/Library/Frameworks",
					"$(inherited)",
				);
				INFOPLIST_FILE = "Jad's CVTests/Info.plist";
				LD_RUNPATH_SEARCH_PATHS = "$(inherited) @executable_path/Frameworks @loader_path/Frameworks";
				PRODUCT_NAME = "$(TARGET_NAME)";
				TEST_HOST = "$(BUNDLE_LOADER)";
			};
			name = Release;
		};
/* End XCBuildConfiguration section */

/* Begin XCConfigurationList section */
		056C9AF4197655CD0047F3E5 /* Build configuration list for PBXProject "Jad's CV" */ = {
			isa = XCConfigurationList;
			buildConfigurations = (
				056C9B13197655CD0047F3E5 /* Debug */,
				056C9B14197655CD0047F3E5 /* Release */,
			);
			defaultConfigurationIsVisible = 0;
			defaultConfigurationName = Release;
		};
		056C9B15197655CD0047F3E5 /* Build configuration list for PBXNativeTarget "Jad's CV" */ = {
			isa = XCConfigurationList;
			buildConfigurations = (
				056C9B16197655CD0047F3E5 /* Debug */,
				056C9B17197655CD0047F3E5 /* Release */,
			);
			defaultConfigurationIsVisible = 0;
		};
		056C9B18197655CD0047F3E5 /* Build configuration list for PBXNativeTarget "Jad's CVTests" */ = {
			isa = XCConfigurationList;
			buildConfigurations = (
				056C9B19197655CD0047F3E5 /* Debug */,
				056C9B1A197655CD0047F3E5 /* Release */,
			);
			defaultConfigurationIsVisible = 0;
		};
/* End XCConfigurationList section */
	};
	rootObject = 056C9AF1197655CD0047F3E5 /* Project object */;
}
