// !$*UTF8*$!
{
	archiveVersion = 1;
	classes = {
	};
	objectVersion = 46;
	objects = {

/* Begin PBXBuildFile section */
		0529482A197E031E00739084 /* TableViewController.swift in Sources */ = {isa = PBXBuildFile; fileRef = 05294829197E031E00739084 /* TableViewController.swift */; };
		0529482D197E0BBE00739084 /* List.swift in Sources */ = {isa = PBXBuildFile; fileRef = 0529482C197E0BBE00739084 /* List.swift */; };
		0529482F197E0FC700739084 /* TimelineTableViewController.swift in Sources */ = {isa = PBXBuildFile; fileRef = 0529482E197E0FC700739084 /* TimelineTableViewController.swift */; };
		05294858197E19F700739084 /* About Me.plist in Resources */ = {isa = PBXBuildFile; fileRef = 0529485A197E19F700739084 /* About Me.plist */; };
		0529485D197E1A0800739084 /* Education.plist in Resources */ = {isa = PBXBuildFile; fileRef = 0529485F197E1A0800739084 /* Education.plist */; };
		05294862197E1A1100739084 /* Experience.plist in Resources */ = {isa = PBXBuildFile; fileRef = 05294864197E1A1100739084 /* Experience.plist */; };
		05294867197E1A1700739084 /* Extra Curricular.plist in Resources */ = {isa = PBXBuildFile; fileRef = 05294869197E1A1700739084 /* Extra Curricular.plist */; };
		0529486C197E1A1E00739084 /* Referees.plist in Resources */ = {isa = PBXBuildFile; fileRef = 0529486E197E1A1E00739084 /* Referees.plist */; };
		052C2A421977CCAF00D85C98 /* Color.swift in Sources */ = {isa = PBXBuildFile; fileRef = 052C2A411977CCAF00D85C98 /* Color.swift */; };
		054D63411977789A0022D63A /* Font.swift in Sources */ = {isa = PBXBuildFile; fileRef = 054D63401977789A0022D63A /* Font.swift */; };
		0564EADE197757950003DA44 /* union_lake.jpg in Resources */ = {isa = PBXBuildFile; fileRef = 0564EADC197757950003DA44 /* union_lake.jpg */; };
		0564EADF197757950003DA44 /* winthrop_hall.jpg in Resources */ = {isa = PBXBuildFile; fileRef = 0564EADD197757950003DA44 /* winthrop_hall.jpg */; };
		056C9AFF197655CD0047F3E5 /* AppDelegate.swift in Sources */ = {isa = PBXBuildFile; fileRef = 056C9AFE197655CD0047F3E5 /* AppDelegate.swift */; };
		056C9B12197655CD0047F3E5 /* Jad_s_CVTests.swift in Sources */ = {isa = PBXBuildFile; fileRef = 056C9B11197655CD0047F3E5 /* Jad_s_CVTests.swift */; };
		056C9B1F197656DC0047F3E5 /* Images.xcassets in Resources */ = {isa = PBXBuildFile; fileRef = 056C9B1E197656DC0047F3E5 /* Images.xcassets */; };
		056C9B2C19765B160047F3E5 /* HomeViewController.swift in Sources */ = {isa = PBXBuildFile; fileRef = 056C9B2B19765B160047F3E5 /* HomeViewController.swift */; };
		056C9B2F19765B2B0047F3E5 /* HomeView.swift in Sources */ = {isa = PBXBuildFile; fileRef = 056C9B2E19765B2B0047F3E5 /* HomeView.swift */; };
		056C9B3519765D990047F3E5 /* SectionsPageViewController.swift in Sources */ = {isa = PBXBuildFile; fileRef = 056C9B3419765D990047F3E5 /* SectionsPageViewController.swift */; };
		056C9B3819765F7D0047F3E5 /* ProfileView.swift in Sources */ = {isa = PBXBuildFile; fileRef = 056C9B3719765F7D0047F3E5 /* ProfileView.swift */; };
		056C9B3A197662420047F3E5 /* Device.swift in Sources */ = {isa = PBXBuildFile; fileRef = 056C9B39197662420047F3E5 /* Device.swift */; };
		056C9B3D1976642F0047F3E5 /* AppConfiguration.swift in Sources */ = {isa = PBXBuildFile; fileRef = 056C9B3C1976642F0047F3E5 /* AppConfiguration.swift */; };
		056C9B4219766B0E0047F3E5 /* ProfileVIew_Pad.swift in Sources */ = {isa = PBXBuildFile; fileRef = 056C9B4119766B0E0047F3E5 /* ProfileVIew_Pad.swift */; };
		056C9B4419766B310047F3E5 /* ProfileView_Phone.swift in Sources */ = {isa = PBXBuildFile; fileRef = 056C9B4319766B310047F3E5 /* ProfileView_Phone.swift */; };
		056C9B4619766FE20047F3E5 /* View.swift in Sources */ = {isa = PBXBuildFile; fileRef = 056C9B4519766FE20047F3E5 /* View.swift */; };
		0579C957197E46DA000233EC /* TimelineEventTableViewCell.swift in Sources */ = {isa = PBXBuildFile; fileRef = 0579C956197E46DA000233EC /* TimelineEventTableViewCell.swift */; };
		0579C959197E4CBF000233EC /* Date.swift in Sources */ = {isa = PBXBuildFile; fileRef = 0579C958197E4CBF000233EC /* Date.swift */; };
		058103221981DD08005FDF8F /* SectionNavigationController.swift in Sources */ = {isa = PBXBuildFile; fileRef = 058103211981DD08005FDF8F /* SectionNavigationController.swift */; };
		0581032419821816005FDF8F /* GraySelectionTableViewCell.swift in Sources */ = {isa = PBXBuildFile; fileRef = 0581032319821816005FDF8F /* GraySelectionTableViewCell.swift */; };
		05A266361980B291005B5ED2 /* TimelineTableBackgroundView.swift in Sources */ = {isa = PBXBuildFile; fileRef = 05A266351980B291005B5ED2 /* TimelineTableBackgroundView.swift */; };
		05BF82091980C0F80070DE37 /* ExperienceDetailViewController.swift in Sources */ = {isa = PBXBuildFile; fileRef = 05BF82081980C0F80070DE37 /* ExperienceDetailViewController.swift */; };
		05BF820B1980C1550070DE37 /* ExperienceDetailView.swift in Sources */ = {isa = PBXBuildFile; fileRef = 05BF820A1980C1550070DE37 /* ExperienceDetailView.swift */; };
		05DC99D31977870F00AF6BB7 /* ExtractedObject.swift in Sources */ = {isa = PBXBuildFile; fileRef = 05DC99D21977870F00AF6BB7 /* ExtractedObject.swift */; };
		05DC99D51977A7D200AF6BB7 /* ExperienceObject.swift in Sources */ = {isa = PBXBuildFile; fileRef = 05DC99D41977A7D200AF6BB7 /* ExperienceObject.swift */; };
		05DC99D71977A99500AF6BB7 /* PersonObject.swift in Sources */ = {isa = PBXBuildFile; fileRef = 05DC99D61977A99500AF6BB7 /* PersonObject.swift */; };
		05DC99DB1977AEA300AF6BB7 /* Error.swift in Sources */ = {isa = PBXBuildFile; fileRef = 05DC99DA1977AEA300AF6BB7 /* Error.swift */; };
		05DF17FA197CC10F003AA613 /* ScrollPageViewController.swift in Sources */ = {isa = PBXBuildFile; fileRef = 05DF17F9197CC10F003AA613 /* ScrollPageViewController.swift */; };
		05F18805197A214A0025756F /* Size.swift in Sources */ = {isa = PBXBuildFile; fileRef = 05F18804197A214A0025756F /* Size.swift */; };
		05F18808197A23470025756F /* Contactor.swift in Sources */ = {isa = PBXBuildFile; fileRef = 05F18807197A23470025756F /* Contactor.swift */; };
		05F1880A197A41570025756F /* FormattedTextView.swift in Sources */ = {isa = PBXBuildFile; fileRef = 05F18809197A41570025756F /* FormattedTextView.swift */; };
		05F6C30919775C54007CCD66 /* BlurImageView.swift in Sources */ = {isa = PBXBuildFile; fileRef = 05F6C30819775C54007CCD66 /* BlurImageView.swift */; };
/* End PBXBuildFile section */

/* Begin PBXContainerItemProxy section */
		056C9B0C197655CD0047F3E5 /* PBXContainerItemProxy */ = {
			isa = PBXContainerItemProxy;
			containerPortal = 056C9AF1197655CD0047F3E5 /* Project object */;
			proxyType = 1;
			remoteGlobalIDString = 056C9AF8197655CD0047F3E5;
			remoteInfo = "Jad's CV";
		};
/* End PBXContainerItemProxy section */

/* Begin PBXFileReference section */
		05294829197E031E00739084 /* TableViewController.swift */ = {isa = PBXFileReference; fileEncoding = 4; lastKnownFileType = sourcecode.swift; path = TableViewController.swift; sourceTree = "<group>"; };
		0529482C197E0BBE00739084 /* List.swift */ = {isa = PBXFileReference; fileEncoding = 4; lastKnownFileType = sourcecode.swift; path = List.swift; sourceTree = "<group>"; };
		0529482E197E0FC700739084 /* TimelineTableViewController.swift */ = {isa = PBXFileReference; fileEncoding = 4; lastKnownFileType = sourcecode.swift; path = TimelineTableViewController.swift; sourceTree = "<group>"; };
		05294859197E19F700739084 /* Base */ = {isa = PBXFileReference; lastKnownFileType = text.plist.xml; name = Base; path = "Base.lproj/About Me.plist"; sourceTree = "<group>"; };
		0529485B197E19F900739084 /* en */ = {isa = PBXFileReference; lastKnownFileType = text.plist.xml; name = en; path = "en.lproj/About Me.plist"; sourceTree = "<group>"; };
		0529485C197E1A0200739084 /* fr */ = {isa = PBXFileReference; lastKnownFileType = text.plist.xml; name = fr; path = "fr.lproj/About Me.plist"; sourceTree = "<group>"; };
		0529485E197E1A0800739084 /* Base */ = {isa = PBXFileReference; lastKnownFileType = text.plist.xml; name = Base; path = Base.lproj/Education.plist; sourceTree = "<group>"; };
		05294860197E1A0900739084 /* en */ = {isa = PBXFileReference; lastKnownFileType = text.plist.xml; name = en; path = en.lproj/Education.plist; sourceTree = "<group>"; };
		05294861197E1A0A00739084 /* fr */ = {isa = PBXFileReference; lastKnownFileType = text.plist.xml; name = fr; path = fr.lproj/Education.plist; sourceTree = "<group>"; };
		05294863197E1A1100739084 /* Base */ = {isa = PBXFileReference; lastKnownFileType = text.plist.xml; name = Base; path = Base.lproj/Experience.plist; sourceTree = "<group>"; };
		05294865197E1A1300739084 /* en */ = {isa = PBXFileReference; lastKnownFileType = text.plist.xml; name = en; path = en.lproj/Experience.plist; sourceTree = "<group>"; };
		05294866197E1A1300739084 /* fr */ = {isa = PBXFileReference; lastKnownFileType = text.plist.xml; name = fr; path = fr.lproj/Experience.plist; sourceTree = "<group>"; };
		05294868197E1A1700739084 /* Base */ = {isa = PBXFileReference; lastKnownFileType = text.plist.xml; name = Base; path = "Base.lproj/Extra Curricular.plist"; sourceTree = "<group>"; };
		0529486A197E1A1800739084 /* en */ = {isa = PBXFileReference; lastKnownFileType = text.plist.xml; name = en; path = "en.lproj/Extra Curricular.plist"; sourceTree = "<group>"; };
		0529486B197E1A1900739084 /* fr */ = {isa = PBXFileReference; lastKnownFileType = text.plist.xml; name = fr; path = "fr.lproj/Extra Curricular.plist"; sourceTree = "<group>"; };
		0529486D197E1A1E00739084 /* Base */ = {isa = PBXFileReference; lastKnownFileType = text.plist.xml; name = Base; path = Base.lproj/Referees.plist; sourceTree = "<group>"; };
		0529486F197E1A1F00739084 /* en */ = {isa = PBXFileReference; lastKnownFileType = text.plist.xml; name = en; path = en.lproj/Referees.plist; sourceTree = "<group>"; };
		05294870197E1A2000739084 /* fr */ = {isa = PBXFileReference; lastKnownFileType = text.plist.xml; name = fr; path = fr.lproj/Referees.plist; sourceTree = "<group>"; };
		052C2A411977CCAF00D85C98 /* Color.swift */ = {isa = PBXFileReference; fileEncoding = 4; lastKnownFileType = sourcecode.swift; path = Color.swift; sourceTree = "<group>"; };
		054D63401977789A0022D63A /* Font.swift */ = {isa = PBXFileReference; fileEncoding = 4; lastKnownFileType = sourcecode.swift; path = Font.swift; sourceTree = "<group>"; };
		0564EADC197757950003DA44 /* union_lake.jpg */ = {isa = PBXFileReference; lastKnownFileType = image.jpeg; path = union_lake.jpg; sourceTree = "<group>"; };
		0564EADD197757950003DA44 /* winthrop_hall.jpg */ = {isa = PBXFileReference; lastKnownFileType = image.jpeg; path = winthrop_hall.jpg; sourceTree = "<group>"; };
		056C9AF9197655CD0047F3E5 /* Jad's CV.app */ = {isa = PBXFileReference; explicitFileType = wrapper.application; includeInIndex = 0; path = "Jad's CV.app"; sourceTree = BUILT_PRODUCTS_DIR; };
		056C9AFD197655CD0047F3E5 /* Info.plist */ = {isa = PBXFileReference; lastKnownFileType = text.plist.xml; path = Info.plist; sourceTree = "<group>"; };
		056C9AFE197655CD0047F3E5 /* AppDelegate.swift */ = {isa = PBXFileReference; lastKnownFileType = sourcecode.swift; path = AppDelegate.swift; sourceTree = "<group>"; };
		056C9B0B197655CD0047F3E5 /* Jad's CVTests.xctest */ = {isa = PBXFileReference; explicitFileType = wrapper.cfbundle; includeInIndex = 0; path = "Jad's CVTests.xctest"; sourceTree = BUILT_PRODUCTS_DIR; };
		056C9B10197655CD0047F3E5 /* Info.plist */ = {isa = PBXFileReference; lastKnownFileType = text.plist.xml; path = Info.plist; sourceTree = "<group>"; };
		056C9B11197655CD0047F3E5 /* Jad_s_CVTests.swift */ = {isa = PBXFileReference; lastKnownFileType = sourcecode.swift; path = Jad_s_CVTests.swift; sourceTree = "<group>"; };
		056C9B1E197656DC0047F3E5 /* Images.xcassets */ = {isa = PBXFileReference; lastKnownFileType = folder.assetcatalog; path = Images.xcassets; sourceTree = "<group>"; };
		056C9B2B19765B160047F3E5 /* HomeViewController.swift */ = {isa = PBXFileReference; fileEncoding = 4; lastKnownFileType = sourcecode.swift; path = HomeViewController.swift; sourceTree = "<group>"; };
		056C9B2E19765B2B0047F3E5 /* HomeView.swift */ = {isa = PBXFileReference; fileEncoding = 4; lastKnownFileType = sourcecode.swift; path = HomeView.swift; sourceTree = "<group>"; };
		056C9B3419765D990047F3E5 /* SectionsPageViewController.swift */ = {isa = PBXFileReference; fileEncoding = 4; lastKnownFileType = sourcecode.swift; path = SectionsPageViewController.swift; sourceTree = "<group>"; };
		056C9B3719765F7D0047F3E5 /* ProfileView.swift */ = {isa = PBXFileReference; fileEncoding = 4; lastKnownFileType = sourcecode.swift; path = ProfileView.swift; sourceTree = "<group>"; };
		056C9B39197662420047F3E5 /* Device.swift */ = {isa = PBXFileReference; fileEncoding = 4; lastKnownFileType = sourcecode.swift; path = Device.swift; sourceTree = "<group>"; };
		056C9B3C1976642F0047F3E5 /* AppConfiguration.swift */ = {isa = PBXFileReference; fileEncoding = 4; lastKnownFileType = sourcecode.swift; path = AppConfiguration.swift; sourceTree = "<group>"; };
		056C9B4119766B0E0047F3E5 /* ProfileVIew_Pad.swift */ = {isa = PBXFileReference; fileEncoding = 4; lastKnownFileType = sourcecode.swift; path = ProfileVIew_Pad.swift; sourceTree = "<group>"; };
		056C9B4319766B310047F3E5 /* ProfileView_Phone.swift */ = {isa = PBXFileReference; fileEncoding = 4; lastKnownFileType = sourcecode.swift; path = ProfileView_Phone.swift; sourceTree = "<group>"; };
		056C9B4519766FE20047F3E5 /* View.swift */ = {isa = PBXFileReference; fileEncoding = 4; lastKnownFileType = sourcecode.swift; path = View.swift; sourceTree = "<group>"; };
		0579C956197E46DA000233EC /* TimelineEventTableViewCell.swift */ = {isa = PBXFileReference; fileEncoding = 4; lastKnownFileType = sourcecode.swift; path = TimelineEventTableViewCell.swift; sourceTree = "<group>"; };
		0579C958197E4CBF000233EC /* Date.swift */ = {isa = PBXFileReference; fileEncoding = 4; lastKnownFileType = sourcecode.swift; path = Date.swift; sourceTree = "<group>"; };
		058103211981DD08005FDF8F /* SectionNavigationController.swift */ = {isa = PBXFileReference; fileEncoding = 4; lastKnownFileType = sourcecode.swift; path = SectionNavigationController.swift; sourceTree = "<group>"; };
		0581032319821816005FDF8F /* GraySelectionTableViewCell.swift */ = {isa = PBXFileReference; fileEncoding = 4; lastKnownFileType = sourcecode.swift; path = GraySelectionTableViewCell.swift; sourceTree = "<group>"; };
		05A266351980B291005B5ED2 /* TimelineTableBackgroundView.swift */ = {isa = PBXFileReference; fileEncoding = 4; lastKnownFileType = sourcecode.swift; path = TimelineTableBackgroundView.swift; sourceTree = "<group>"; };
		05BF82081980C0F80070DE37 /* ExperienceDetailViewController.swift */ = {isa = PBXFileReference; fileEncoding = 4; lastKnownFileType = sourcecode.swift; path = ExperienceDetailViewController.swift; sourceTree = "<group>"; };
		05BF820A1980C1550070DE37 /* ExperienceDetailView.swift */ = {isa = PBXFileReference; fileEncoding = 4; lastKnownFileType = sourcecode.swift; path = ExperienceDetailView.swift; sourceTree = "<group>"; };
		05DC99D21977870F00AF6BB7 /* ExtractedObject.swift */ = {isa = PBXFileReference; fileEncoding = 4; lastKnownFileType = sourcecode.swift; path = ExtractedObject.swift; sourceTree = "<group>"; };
		05DC99D41977A7D200AF6BB7 /* ExperienceObject.swift */ = {isa = PBXFileReference; fileEncoding = 4; lastKnownFileType = sourcecode.swift; path = ExperienceObject.swift; sourceTree = "<group>"; };
		05DC99D61977A99500AF6BB7 /* PersonObject.swift */ = {isa = PBXFileReference; fileEncoding = 4; lastKnownFileType = sourcecode.swift; path = PersonObject.swift; sourceTree = "<group>"; };
		05DC99DA1977AEA300AF6BB7 /* Error.swift */ = {isa = PBXFileReference; fileEncoding = 4; lastKnownFileType = sourcecode.swift; path = Error.swift; sourceTree = "<group>"; };
		05DF17F9197CC10F003AA613 /* ScrollPageViewController.swift */ = {isa = PBXFileReference; fileEncoding = 4; lastKnownFileType = sourcecode.swift; path = ScrollPageViewController.swift; sourceTree = "<group>"; };
		05F18804197A214A0025756F /* Size.swift */ = {isa = PBXFileReference; fileEncoding = 4; lastKnownFileType = sourcecode.swift; path = Size.swift; sourceTree = "<group>"; };
		05F18807197A23470025756F /* Contactor.swift */ = {isa = PBXFileReference; fileEncoding = 4; lastKnownFileType = sourcecode.swift; path = Contactor.swift; sourceTree = "<group>"; };
		05F18809197A41570025756F /* FormattedTextView.swift */ = {isa = PBXFileReference; fileEncoding = 4; lastKnownFileType = sourcecode.swift; path = FormattedTextView.swift; sourceTree = "<group>"; };
		05F6C30819775C54007CCD66 /* BlurImageView.swift */ = {isa = PBXFileReference; fileEncoding = 4; lastKnownFileType = sourcecode.swift; path = BlurImageView.swift; sourceTree = "<group>"; };
/* End PBXFileReference section */

/* Begin PBXFrameworksBuildPhase section */
		056C9AF6197655CD0047F3E5 /* Frameworks */ = {
			isa = PBXFrameworksBuildPhase;
			buildActionMask = 2147483647;
			files = (
			);
			runOnlyForDeploymentPostprocessing = 0;
		};
		056C9B08197655CD0047F3E5 /* Frameworks */ = {
			isa = PBXFrameworksBuildPhase;
			buildActionMask = 2147483647;
			files = (
			);
			runOnlyForDeploymentPostprocessing = 0;
		};
/* End PBXFrameworksBuildPhase section */

/* Begin PBXGroup section */
		0529482B197E0B8D00739084 /* Protocols */ = {
			isa = PBXGroup;
			children = (
				0529482C197E0BBE00739084 /* List.swift */,
			);
			path = Protocols;
			sourceTree = "<group>";
		};
		056C9AF0197655CD0047F3E5 = {
			isa = PBXGroup;
			children = (
				056C9AFB197655CD0047F3E5 /* Jad's CV */,
				056C9B0E197655CD0047F3E5 /* Jad's CVTests */,
				056C9AFA197655CD0047F3E5 /* Products */,
			);
			sourceTree = "<group>";
		};
		056C9AFA197655CD0047F3E5 /* Products */ = {
			isa = PBXGroup;
			children = (
				056C9AF9197655CD0047F3E5 /* Jad's CV.app */,
				056C9B0B197655CD0047F3E5 /* Jad's CVTests.xctest */,
			);
			name = Products;
			sourceTree = "<group>";
		};
		056C9AFB197655CD0047F3E5 /* Jad's CV */ = {
			isa = PBXGroup;
			children = (
				056C9AFE197655CD0047F3E5 /* AppDelegate.swift */,
				056C9B1B197656740047F3E5 /* Home */,
				056C9B20197657180047F3E5 /* Profile */,
				056C9B21197657330047F3E5 /* Sections */,
				056C9B281976582E0047F3E5 /* Other */,
				05DC99D11977868100AF6BB7 /* Models */,
				056C9B1C197656960047F3E5 /* Resources */,
				056C9AFC197655CD0047F3E5 /* Supporting Files */,
			);
			path = "Jad's CV";
			sourceTree = "<group>";
		};
		056C9AFC197655CD0047F3E5 /* Supporting Files */ = {
			isa = PBXGroup;
			children = (
				056C9AFD197655CD0047F3E5 /* Info.plist */,
			);
			name = "Supporting Files";
			sourceTree = "<group>";
		};
		056C9B0E197655CD0047F3E5 /* Jad's CVTests */ = {
			isa = PBXGroup;
			children = (
				056C9B11197655CD0047F3E5 /* Jad_s_CVTests.swift */,
				056C9B0F197655CD0047F3E5 /* Supporting Files */,
			);
			path = "Jad's CVTests";
			sourceTree = "<group>";
		};
		056C9B0F197655CD0047F3E5 /* Supporting Files */ = {
			isa = PBXGroup;
			children = (
				056C9B10197655CD0047F3E5 /* Info.plist */,
			);
			name = "Supporting Files";
			sourceTree = "<group>";
		};
		056C9B1B197656740047F3E5 /* Home */ = {
			isa = PBXGroup;
			children = (
				056C9B2B19765B160047F3E5 /* HomeViewController.swift */,
				056C9B2E19765B2B0047F3E5 /* HomeView.swift */,
			);
			path = Home;
			sourceTree = "<group>";
		};
		056C9B1C197656960047F3E5 /* Resources */ = {
			isa = PBXGroup;
			children = (
				05DC99D01977866000AF6BB7 /* Property Lists */,
				056C9B1D197656AF0047F3E5 /* Images */,
			);
			path = Resources;
			sourceTree = "<group>";
		};
		056C9B1D197656AF0047F3E5 /* Images */ = {
			isa = PBXGroup;
			children = (
				056C9B1E197656DC0047F3E5 /* Images.xcassets */,
				0564EADC197757950003DA44 /* union_lake.jpg */,
				0564EADD197757950003DA44 /* winthrop_hall.jpg */,
			);
			path = Images;
			sourceTree = "<group>";
		};
		056C9B20197657180047F3E5 /* Profile */ = {
			isa = PBXGroup;
			children = (
				056C9B3719765F7D0047F3E5 /* ProfileView.swift */,
				056C9B4119766B0E0047F3E5 /* ProfileVIew_Pad.swift */,
				056C9B4319766B310047F3E5 /* ProfileView_Phone.swift */,
			);
			path = Profile;
			sourceTree = "<group>";
		};
		056C9B21197657330047F3E5 /* Sections */ = {
			isa = PBXGroup;
			children = (
				056C9B3419765D990047F3E5 /* SectionsPageViewController.swift */,
				056C9B24197657AA0047F3E5 /* Timeline */,
				056C9B25197657BD0047F3E5 /* Extra Curricular */,
				056C9B26197657D90047F3E5 /* Education */,
				056C9B27197657EE0047F3E5 /* References */,
				05BF82071980C04A0070DE37 /* Experience Detail */,
			);
			path = Sections;
			sourceTree = "<group>";
		};
		056C9B24197657AA0047F3E5 /* Timeline */ = {
			isa = PBXGroup;
			children = (
				0529482E197E0FC700739084 /* TimelineTableViewController.swift */,
				0579C956197E46DA000233EC /* TimelineEventTableViewCell.swift */,
				05A266351980B291005B5ED2 /* TimelineTableBackgroundView.swift */,
			);
			path = Timeline;
			sourceTree = "<group>";
		};
		056C9B25197657BD0047F3E5 /* Extra Curricular */ = {
			isa = PBXGroup;
			children = (
			);
			name = "Extra Curricular";
			path = ExtraCurricular;
			sourceTree = "<group>";
		};
		056C9B26197657D90047F3E5 /* Education */ = {
			isa = PBXGroup;
			children = (
			);
			path = Education;
			sourceTree = "<group>";
		};
		056C9B27197657EE0047F3E5 /* References */ = {
			isa = PBXGroup;
			children = (
			);
			path = References;
			sourceTree = "<group>";
		};
		056C9B281976582E0047F3E5 /* Other */ = {
			isa = PBXGroup;
			children = (
				0529482B197E0B8D00739084 /* Protocols */,
				05F18806197A232E0025756F /* Helpers */,
				056C9B3B197663FF0047F3E5 /* Miscellaneous */,
				056C9B2A1976584B0047F3E5 /* Subclasses */,
				056C9B291976583E0047F3E5 /* Extensions */,
			);
			path = Other;
			sourceTree = "<group>";
		};
		056C9B291976583E0047F3E5 /* Extensions */ = {
			isa = PBXGroup;
			children = (
				056C9B39197662420047F3E5 /* Device.swift */,
				054D63401977789A0022D63A /* Font.swift */,
				056C9B4519766FE20047F3E5 /* View.swift */,
				05DC99DA1977AEA300AF6BB7 /* Error.swift */,
				052C2A411977CCAF00D85C98 /* Color.swift */,
				0579C958197E4CBF000233EC /* Date.swift */,
				05F18804197A214A0025756F /* Size.swift */,
			);
			path = Extensions;
			sourceTree = "<group>";
		};
		056C9B2A1976584B0047F3E5 /* Subclasses */ = {
			isa = PBXGroup;
			children = (
				05F6C30819775C54007CCD66 /* BlurImageView.swift */,
				05F18809197A41570025756F /* FormattedTextView.swift */,
				05DF17F9197CC10F003AA613 /* ScrollPageViewController.swift */,
				05294829197E031E00739084 /* TableViewController.swift */,
				058103211981DD08005FDF8F /* SectionNavigationController.swift */,
				0581032319821816005FDF8F /* GraySelectionTableViewCell.swift */,
			);
			path = Subclasses;
			sourceTree = "<group>";
		};
		056C9B3B197663FF0047F3E5 /* Miscellaneous */ = {
			isa = PBXGroup;
			children = (
				056C9B3C1976642F0047F3E5 /* AppConfiguration.swift */,
			);
			path = Miscellaneous;
			sourceTree = "<group>";
		};
		05BF82071980C04A0070DE37 /* Experience Detail */ = {
			isa = PBXGroup;
			children = (
				05BF82081980C0F80070DE37 /* ExperienceDetailViewController.swift */,
				05BF820A1980C1550070DE37 /* ExperienceDetailView.swift */,
			);
			name = "Experience Detail";
			path = ExperienceDetail;
			sourceTree = "<group>";
		};
		05DC99D01977866000AF6BB7 /* Property Lists */ = {
			isa = PBXGroup;
			children = (
				0529485A197E19F700739084 /* About Me.plist */,
				0529485F197E1A0800739084 /* Education.plist */,
				05294864197E1A1100739084 /* Experience.plist */,
				05294869197E1A1700739084 /* Extra Curricular.plist */,
				0529486E197E1A1E00739084 /* Referees.plist */,
			);
			name = "Property Lists";
			path = PropertyLists;
			sourceTree = "<group>";
		};
		05DC99D11977868100AF6BB7 /* Models */ = {
			isa = PBXGroup;
			children = (
				05DC99D21977870F00AF6BB7 /* ExtractedObject.swift */,
				05DC99D41977A7D200AF6BB7 /* ExperienceObject.swift */,
				05DC99D61977A99500AF6BB7 /* PersonObject.swift */,
			);
			path = Models;
			sourceTree = "<group>";
		};
		05F18806197A232E0025756F /* Helpers */ = {
			isa = PBXGroup;
			children = (
				05F18807197A23470025756F /* Contactor.swift */,
			);
			path = Helpers;
			sourceTree = "<group>";
		};
/* End PBXGroup section */

/* Begin PBXNativeTarget section */
		056C9AF8197655CD0047F3E5 /* Jad's CV */ = {
			isa = PBXNativeTarget;
			buildConfigurationList = 056C9B15197655CD0047F3E5 /* Build configuration list for PBXNativeTarget "Jad's CV" */;
			buildPhases = (
				056C9AF5197655CD0047F3E5 /* Sources */,
				056C9AF6197655CD0047F3E5 /* Frameworks */,
				056C9AF7197655CD0047F3E5 /* Resources */,
			);
			buildRules = (
			);
			dependencies = (
			);
			name = "Jad's CV";
			productName = "Jad's CV";
			productReference = 056C9AF9197655CD0047F3E5 /* Jad's CV.app */;
			productType = "com.apple.product-type.application";
		};
		056C9B0A197655CD0047F3E5 /* Jad's CVTests */ = {
			isa = PBXNativeTarget;
			buildConfigurationList = 056C9B18197655CD0047F3E5 /* Build configuration list for PBXNativeTarget "Jad's CVTests" */;
			buildPhases = (
				056C9B07197655CD0047F3E5 /* Sources */,
				056C9B08197655CD0047F3E5 /* Frameworks */,
				056C9B09197655CD0047F3E5 /* Resources */,
			);
			buildRules = (
			);
			dependencies = (
				056C9B0D197655CD0047F3E5 /* PBXTargetDependency */,
			);
			name = "Jad's CVTests";
			productName = "Jad's CVTests";
			productReference = 056C9B0B197655CD0047F3E5 /* Jad's CVTests.xctest */;
			productType = "com.apple.product-type.bundle.unit-test";
		};
/* End PBXNativeTarget section */

/* Begin PBXProject section */
		056C9AF1197655CD0047F3E5 /* Project object */ = {
			isa = PBXProject;
			attributes = {
				LastUpgradeCheck = 0600;
				ORGANIZATIONNAME = Jad;
				TargetAttributes = {
					056C9AF8197655CD0047F3E5 = {
						CreatedOnToolsVersion = 6.0;
					};
					056C9B0A197655CD0047F3E5 = {
						CreatedOnToolsVersion = 6.0;
						TestTargetID = 056C9AF8197655CD0047F3E5;
					};
				};
			};
			buildConfigurationList = 056C9AF4197655CD0047F3E5 /* Build configuration list for PBXProject "Jad's CV" */;
			compatibilityVersion = "Xcode 3.2";
			developmentRegion = English;
			hasScannedForEncodings = 0;
			knownRegions = (
				en,
				Base,
				fr,
			);
			mainGroup = 056C9AF0197655CD0047F3E5;
			productRefGroup = 056C9AFA197655CD0047F3E5 /* Products */;
			projectDirPath = "";
			projectRoot = "";
			targets = (
				056C9AF8197655CD0047F3E5 /* Jad's CV */,
				056C9B0A197655CD0047F3E5 /* Jad's CVTests */,
			);
		};
/* End PBXProject section */

/* Begin PBXResourcesBuildPhase section */
		056C9AF7197655CD0047F3E5 /* Resources */ = {
			isa = PBXResourcesBuildPhase;
			buildActionMask = 2147483647;
			files = (
				0564EADE197757950003DA44 /* union_lake.jpg in Resources */,
				0529486C197E1A1E00739084 /* Referees.plist in Resources */,
				05294867197E1A1700739084 /* Extra Curricular.plist in Resources */,
				05294858197E19F700739084 /* About Me.plist in Resources */,
				05294862197E1A1100739084 /* Experience.plist in Resources */,
				0529485D197E1A0800739084 /* Education.plist in Resources */,
				056C9B1F197656DC0047F3E5 /* Images.xcassets in Resources */,
				0564EADF197757950003DA44 /* winthrop_hall.jpg in Resources */,
			);
			runOnlyForDeploymentPostprocessing = 0;
		};
		056C9B09197655CD0047F3E5 /* Resources */ = {
			isa = PBXResourcesBuildPhase;
			buildActionMask = 2147483647;
			files = (
			);
			runOnlyForDeploymentPostprocessing = 0;
		};
/* End PBXResourcesBuildPhase section */

/* Begin PBXSourcesBuildPhase section */
		056C9AF5197655CD0047F3E5 /* Sources */ = {
			isa = PBXSourcesBuildPhase;
			buildActionMask = 2147483647;
			files = (
				05F1880A197A41570025756F /* FormattedTextView.swift in Sources */,
				05DC99DB1977AEA300AF6BB7 /* Error.swift in Sources */,
				05A266361980B291005B5ED2 /* TimelineTableBackgroundView.swift in Sources */,
				056C9B4219766B0E0047F3E5 /* ProfileVIew_Pad.swift in Sources */,
				05BF820B1980C1550070DE37 /* ExperienceDetailView.swift in Sources */,
				058103221981DD08005FDF8F /* SectionNavigationController.swift in Sources */,
				056C9B2F19765B2B0047F3E5 /* HomeView.swift in Sources */,
				056C9B4619766FE20047F3E5 /* View.swift in Sources */,
				05F18805197A214A0025756F /* Size.swift in Sources */,
				052C2A421977CCAF00D85C98 /* Color.swift in Sources */,
				05DC99D31977870F00AF6BB7 /* ExtractedObject.swift in Sources */,
				05DC99D71977A99500AF6BB7 /* PersonObject.swift in Sources */,
				05F18808197A23470025756F /* Contactor.swift in Sources */,
				05DC99D51977A7D200AF6BB7 /* ExperienceObject.swift in Sources */,
				0579C959197E4CBF000233EC /* Date.swift in Sources */,
				05BF82091980C0F80070DE37 /* ExperienceDetailViewController.swift in Sources */,
				056C9AFF197655CD0047F3E5 /* AppDelegate.swift in Sources */,
				056C9B3819765F7D0047F3E5 /* ProfileView.swift in Sources */,
				05F6C30919775C54007CCD66 /* BlurImageView.swift in Sources */,
				056C9B3A197662420047F3E5 /* Device.swift in Sources */,
				05DF17FA197CC10F003AA613 /* ScrollPageViewController.swift in Sources */,
				056C9B4419766B310047F3E5 /* ProfileView_Phone.swift in Sources */,
				0581032419821816005FDF8F /* GraySelectionTableViewCell.swift in Sources */,
				0529482A197E031E00739084 /* TableViewController.swift in Sources */,
				054D63411977789A0022D63A /* Font.swift in Sources */,
				056C9B3519765D990047F3E5 /* SectionsPageViewController.swift in Sources */,
				056C9B3D1976642F0047F3E5 /* AppConfiguration.swift in Sources */,
				0529482D197E0BBE00739084 /* List.swift in Sources */,
				0579C957197E46DA000233EC /* TimelineEventTableViewCell.swift in Sources */,
				0529482F197E0FC700739084 /* TimelineTableViewController.swift in Sources */,
				056C9B2C19765B160047F3E5 /* HomeViewController.swift in Sources */,
			);
			runOnlyForDeploymentPostprocessing = 0;
		};
		056C9B07197655CD0047F3E5 /* Sources */ = {
			isa = PBXSourcesBuildPhase;
			buildActionMask = 2147483647;
			files = (
				056C9B12197655CD0047F3E5 /* Jad_s_CVTests.swift in Sources */,
			);
			runOnlyForDeploymentPostprocessing = 0;
		};
/* End PBXSourcesBuildPhase section */

/* Begin PBXTargetDependency section */
		056C9B0D197655CD0047F3E5 /* PBXTargetDependency */ = {
			isa = PBXTargetDependency;
			target = 056C9AF8197655CD0047F3E5 /* Jad's CV */;
			targetProxy = 056C9B0C197655CD0047F3E5 /* PBXContainerItemProxy */;
		};
/* End PBXTargetDependency section */

/* Begin PBXVariantGroup section */
		0529485A197E19F700739084 /* About Me.plist */ = {
			isa = PBXVariantGroup;
			children = (
				05294859197E19F700739084 /* Base */,
				0529485B197E19F900739084 /* en */,
				0529485C197E1A0200739084 /* fr */,
			);
			name = "About Me.plist";
			sourceTree = "<group>";
		};
		0529485F197E1A0800739084 /* Education.plist */ = {
			isa = PBXVariantGroup;
			children = (
				0529485E197E1A0800739084 /* Base */,
				05294860197E1A0900739084 /* en */,
				05294861197E1A0A00739084 /* fr */,
			);
			name = Education.plist;
			sourceTree = "<group>";
		};
		05294864197E1A1100739084 /* Experience.plist */ = {
			isa = PBXVariantGroup;
			children = (
				05294863197E1A1100739084 /* Base */,
				05294865197E1A1300739084 /* en */,
				05294866197E1A1300739084 /* fr */,
			);
			name = Experience.plist;
			sourceTree = "<group>";
		};
		05294869197E1A1700739084 /* Extra Curricular.plist */ = {
			isa = PBXVariantGroup;
			children = (
				05294868197E1A1700739084 /* Base */,
				0529486A197E1A1800739084 /* en */,
				0529486B197E1A1900739084 /* fr */,
			);
			name = "Extra Curricular.plist";
			sourceTree = "<group>";
		};
		0529486E197E1A1E00739084 /* Referees.plist */ = {
			isa = PBXVariantGroup;
			children = (
				0529486D197E1A1E00739084 /* Base */,
				0529486F197E1A1F00739084 /* en */,
				05294870197E1A2000739084 /* fr */,
			);
			name = Referees.plist;
			sourceTree = "<group>";
		};
/* End PBXVariantGroup section */

/* Begin XCBuildConfiguration section */
		056C9B13197655CD0047F3E5 /* Debug */ = {
			isa = XCBuildConfiguration;
			buildSettings = {
				ALWAYS_SEARCH_USER_PATHS = NO;
				CLANG_CXX_LANGUAGE_STANDARD = "gnu++0x";
				CLANG_CXX_LIBRARY = "libc++";
				CLANG_ENABLE_MODULES = YES;
				CLANG_ENABLE_OBJC_ARC = YES;
				CLANG_WARN_BOOL_CONVERSION = YES;
				CLANG_WARN_CONSTANT_CONVERSION = YES;
				CLANG_WARN_DIRECT_OBJC_ISA_USAGE = YES_ERROR;
				CLANG_WARN_EMPTY_BODY = YES;
				CLANG_WARN_ENUM_CONVERSION = YES;
				CLANG_WARN_INT_CONVERSION = YES;
				CLANG_WARN_OBJC_ROOT_CLASS = YES_ERROR;
				CLANG_WARN_UNREACHABLE_CODE = YES;
				CLANG_WARN__DUPLICATE_METHOD_MATCH = YES;
				"CODE_SIGN_IDENTITY[sdk=iphoneos*]" = "iPhone Developer";
				COPY_PHASE_STRIP = NO;
				ENABLE_STRICT_OBJC_MSGSEND = YES;
				GCC_C_LANGUAGE_STANDARD = gnu99;
				GCC_DYNAMIC_NO_PIC = NO;
				GCC_OPTIMIZATION_LEVEL = 0;
				GCC_PREPROCESSOR_DEFINITIONS = (
					"DEBUG=1",
					"$(inherited)",
				);
				GCC_SYMBOLS_PRIVATE_EXTERN = NO;
				GCC_WARN_64_TO_32_BIT_CONVERSION = YES;
				GCC_WARN_ABOUT_RETURN_TYPE = YES_ERROR;
				GCC_WARN_UNDECLARED_SELECTOR = YES;
				GCC_WARN_UNINITIALIZED_AUTOS = YES_AGGRESSIVE;
				GCC_WARN_UNUSED_FUNCTION = YES;
				GCC_WARN_UNUSED_VARIABLE = YES;
				IPHONEOS_DEPLOYMENT_TARGET = 8.0;
				MTL_ENABLE_DEBUG_INFO = YES;
				ONLY_ACTIVE_ARCH = YES;
				SDKROOT = iphoneos;
				SWIFT_OPTIMIZATION_LEVEL = "-Onone";
				TARGETED_DEVICE_FAMILY = "1,2";
			};
			name = Debug;
		};
		056C9B14197655CD0047F3E5 /* Release */ = {
			isa = XCBuildConfiguration;
			buildSettings = {
				ALWAYS_SEARCH_USER_PATHS = NO;
				CLANG_CXX_LANGUAGE_STANDARD = "gnu++0x";
				CLANG_CXX_LIBRARY = "libc++";
				CLANG_ENABLE_MODULES = YES;
				CLANG_ENABLE_OBJC_ARC = YES;
				CLANG_WARN_BOOL_CONVERSION = YES;
				CLANG_WARN_CONSTANT_CONVERSION = YES;
				CLANG_WARN_DIRECT_OBJC_ISA_USAGE = YES_ERROR;
				CLANG_WARN_EMPTY_BODY = YES;
				CLANG_WARN_ENUM_CONVERSION = YES;
				CLANG_WARN_INT_CONVERSION = YES;
				CLANG_WARN_OBJC_ROOT_CLASS = YES_ERROR;
				CLANG_WARN_UNREACHABLE_CODE = YES;
				CLANG_WARN__DUPLICATE_METHOD_MATCH = YES;
				"CODE_SIGN_IDENTITY[sdk=iphoneos*]" = "iPhone Developer";
				COPY_PHASE_STRIP = YES;
				ENABLE_NS_ASSERTIONS = NO;
				ENABLE_STRICT_OBJC_MSGSEND = YES;
				GCC_C_LANGUAGE_STANDARD = gnu99;
				GCC_WARN_64_TO_32_BIT_CONVERSION = YES;
				GCC_WARN_ABOUT_RETURN_TYPE = YES_ERROR;
				GCC_WARN_UNDECLARED_SELECTOR = YES;
				GCC_WARN_UNINITIALIZED_AUTOS = YES_AGGRESSIVE;
				GCC_WARN_UNUSED_FUNCTION = YES;
				GCC_WARN_UNUSED_VARIABLE = YES;
				IPHONEOS_DEPLOYMENT_TARGET = 8.0;
				MTL_ENABLE_DEBUG_INFO = NO;
				SDKROOT = iphoneos;
				TARGETED_DEVICE_FAMILY = "1,2";
				VALIDATE_PRODUCT = YES;
			};
			name = Release;
		};
		056C9B16197655CD0047F3E5 /* Debug */ = {
			isa = XCBuildConfiguration;
			buildSettings = {
				ASSETCATALOG_COMPILER_APPICON_NAME = AppIcon;
				ASSETCATALOG_COMPILER_LAUNCHIMAGE_NAME = LaunchImage;
				INFOPLIST_FILE = "Jad's CV/Info.plist";
				IPHONEOS_DEPLOYMENT_TARGET = 8.0;
				LD_RUNPATH_SEARCH_PATHS = "$(inherited) @executable_path/Frameworks";
				PRODUCT_NAME = "$(TARGET_NAME)";
			};
			name = Debug;
		};
		056C9B17197655CD0047F3E5 /* Release */ = {
			isa = XCBuildConfiguration;
			buildSettings = {
				ASSETCATALOG_COMPILER_APPICON_NAME = AppIcon;
				ASSETCATALOG_COMPILER_LAUNCHIMAGE_NAME = LaunchImage;
				INFOPLIST_FILE = "Jad's CV/Info.plist";
				IPHONEOS_DEPLOYMENT_TARGET = 8.0;
				LD_RUNPATH_SEARCH_PATHS = "$(inherited) @executable_path/Frameworks";
				PRODUCT_NAME = "$(TARGET_NAME)";
			};
			name = Release;
		};
		056C9B19197655CD0047F3E5 /* Debug */ = {
			isa = XCBuildConfiguration;
			buildSettings = {
				BUNDLE_LOADER = "$(BUILT_PRODUCTS_DIR)/Jad's CV.app/Jad's CV";
				FRAMEWORK_SEARCH_PATHS = (
					"$(SDKROOT)/Developer/Library/Frameworks",
					"$(inherited)",
				);
				GCC_PREPROCESSOR_DEFINITIONS = (
					"DEBUG=1",
					"$(inherited)",
				);
				INFOPLIST_FILE = "Jad's CVTests/Info.plist";
				LD_RUNPATH_SEARCH_PATHS = "$(inherited) @executable_path/Frameworks @loader_path/Frameworks";
				PRODUCT_NAME = "$(TARGET_NAME)";
				TEST_HOST = "$(BUNDLE_LOADER)";
			};
			name = Debug;
		};
		056C9B1A197655CD0047F3E5 /* Release */ = {
			isa = XCBuildConfiguration;
			buildSettings = {
				BUNDLE_LOADER = "$(BUILT_PRODUCTS_DIR)/Jad's CV.app/Jad's CV";
				FRAMEWORK_SEARCH_PATHS = (
					"$(SDKROOT)/Developer/Library/Frameworks",
					"$(inherited)",
				);
				INFOPLIST_FILE = "Jad's CVTests/Info.plist";
				LD_RUNPATH_SEARCH_PATHS = "$(inherited) @executable_path/Frameworks @loader_path/Frameworks";
				PRODUCT_NAME = "$(TARGET_NAME)";
				TEST_HOST = "$(BUNDLE_LOADER)";
			};
			name = Release;
		};
/* End XCBuildConfiguration section */

/* Begin XCConfigurationList section */
		056C9AF4197655CD0047F3E5 /* Build configuration list for PBXProject "Jad's CV" */ = {
			isa = XCConfigurationList;
			buildConfigurations = (
				056C9B13197655CD0047F3E5 /* Debug */,
				056C9B14197655CD0047F3E5 /* Release */,
			);
			defaultConfigurationIsVisible = 0;
			defaultConfigurationName = Release;
		};
		056C9B15197655CD0047F3E5 /* Build configuration list for PBXNativeTarget "Jad's CV" */ = {
			isa = XCConfigurationList;
			buildConfigurations = (
				056C9B16197655CD0047F3E5 /* Debug */,
				056C9B17197655CD0047F3E5 /* Release */,
			);
			defaultConfigurationIsVisible = 0;
			defaultConfigurationName = Release;
		};
		056C9B18197655CD0047F3E5 /* Build configuration list for PBXNativeTarget "Jad's CVTests" */ = {
			isa = XCConfigurationList;
			buildConfigurations = (
				056C9B19197655CD0047F3E5 /* Debug */,
				056C9B1A197655CD0047F3E5 /* Release */,
			);
			defaultConfigurationIsVisible = 0;
			defaultConfigurationName = Release;
		};
/* End XCConfigurationList section */
	};
	rootObject = 056C9AF1197655CD0047F3E5 /* Project object */;
}
